
Microsoft Visual Studio Solution File, Format Version 12.00
# Visual Studio Version 17
VisualStudioVersion = 17.7.34221.43
MinimumVisualStudioVersion = 10.0.40219.1
Project("{FAE04EC0-301F-11D3-BF4B-00C04F79EFBC}") = "laba2", "laba2\laba2.csproj", "{8C703051-D797-4AA8-A679-BD6722041EDA}"
EndProject
Project("{FAE04EC0-301F-11D3-BF4B-00C04F79EFBC}") = "Laba2_task_2", "Laba2_task_2\Laba2_task_2.csproj", "{4BD845C0-8F39-4254-86E9-D15B8B550284}"
EndProject
Global
	GlobalSection(SolutionConfigurationPlatforms) = preSolution
		Debug|Any CPU = Debug|Any CPU
		Release|Any CPU = Release|Any CPU
	EndGlobalSection
	GlobalSection(ProjectConfigurationPlatforms) = postSolution
		{8C703051-D797-4AA8-A679-BD6722041EDA}.Debug|Any CPU.ActiveCfg = Debug|Any CPU
		{8C703051-D797-4AA8-A679-BD6722041EDA}.Debug|Any CPU.Build.0 = Debug|Any CPU
		{8C703051-D797-4AA8-A679-BD6722041EDA}.Release|Any CPU.ActiveCfg = Release|Any CPU
		{8C703051-D797-4AA8-A679-BD6722041EDA}.Release|Any CPU.Build.0 = Release|Any CPU
		{4BD845C0-8F39-4254-86E9-D15B8B550284}.Debug|Any CPU.ActiveCfg = Debug|Any CPU
		{4BD845C0-8F39-4254-86E9-D15B8B550284}.Debug|Any CPU.Build.0 = Debug|Any CPU
		{4BD845C0-8F39-4254-86E9-D15B8B550284}.Release|Any CPU.ActiveCfg = Release|Any CPU
		{4BD845C0-8F39-4254-86E9-D15B8B550284}.Release|Any CPU.Build.0 = Release|Any CPU
	EndGlobalSection
	GlobalSection(SolutionProperties) = preSolution
		HideSolutionNode = FALSE
	EndGlobalSection
	GlobalSection(ExtensibilityGlobals) = postSolution
		SolutionGuid = {3984D2CF-5778-493A-97E6-C05EF8D37E71}
	EndGlobalSection
EndGlobal
